// !$*UTF8*$!
{
	archiveVersion = 1;
	classes = {
	};
	objectVersion = 77;
	objects = {

/* Begin PBXBuildFile section */
		023BC608CC15F216AF10F8CA /* BatterySnapshot.swift in Sources */ = {isa = PBXBuildFile; fileRef = F53ACE4977571FAA8F832E50 /* BatterySnapshot.swift */; };
		0850C54DE462D61EBC15FAEE /* BoltBatteryWidget.appex in Embed Foundation Extensions */ = {isa = PBXBuildFile; fileRef = DC5FE1DD4EFB8C3A72FAE241 /* BoltBatteryWidget.appex */; settings = {ATTRIBUTES = (RemoveHeadersOnCopy, ); }; };
		1EB72E2252A10A261CA8B45F /* BoltHIDPP in Frameworks */ = {isa = PBXBuildFile; productRef = 55B2158D82ADB3F70CB3C7BC /* BoltHIDPP */; };
		2710E21624FDD075BE5E946C /* SnapshotStore.swift in Sources */ = {isa = PBXBuildFile; fileRef = 6C0A6DADD867BEE55FDBFC66 /* SnapshotStore.swift */; };
		38042C336E61710D09B6474C /* WidgetKit.framework in Frameworks */ = {isa = PBXBuildFile; fileRef = 5C91C7574795AC4D5E5BB718 /* WidgetKit.framework */; };
		4CBF5D8ACE5505C56ED0D013 /* BatterySnapshot.swift in Sources */ = {isa = PBXBuildFile; fileRef = F53ACE4977571FAA8F832E50 /* BatterySnapshot.swift */; };
		5CEA2034692A57FE9F66E69B /* SnapshotStore.swift in Sources */ = {isa = PBXBuildFile; fileRef = 6C0A6DADD867BEE55FDBFC66 /* SnapshotStore.swift */; };
		674433BCDE4B2CE4712120EC /* AppDelegate.swift in Sources */ = {isa = PBXBuildFile; fileRef = D04D525313CFC3179EF298DF /* AppDelegate.swift */; };
		8991AA9EDFB7D083B156D567 /* BoltBatteryWidget.swift in Sources */ = {isa = PBXBuildFile; fileRef = 833573A503A1749F102FA792 /* BoltBatteryWidget.swift */; };
		8DA0AA5B311E790B86439E79 /* SwiftUI.framework in Frameworks */ = {isa = PBXBuildFile; fileRef = 8ABB511BCD6F95A6EF842BDF /* SwiftUI.framework */; };
		BB39C2D7FCED0A2D18323E8E /* WidgetKit.framework in Frameworks */ = {isa = PBXBuildFile; fileRef = 5C91C7574795AC4D5E5BB718 /* WidgetKit.framework */; };
/* End PBXBuildFile section */

/* Begin PBXContainerItemProxy section */
		32B78C9132B294D7CA683F11 /* PBXContainerItemProxy */ = {
			isa = PBXContainerItemProxy;
			containerPortal = 1FF702ED9C83537E7980E5AD /* Project object */;
			proxyType = 1;
			remoteGlobalIDString = B5BF8C542F8596085E7C4EBC;
			remoteInfo = BoltBatteryWidget;
		};
/* End PBXContainerItemProxy section */

/* Begin PBXCopyFilesBuildPhase section */
		F3B4B629B9735E239763E522 /* Embed Foundation Extensions */ = {
			isa = PBXCopyFilesBuildPhase;
			buildActionMask = 2147483647;
			dstPath = "";
			dstSubfolderSpec = 13;
			files = (
				0850C54DE462D61EBC15FAEE /* BoltBatteryWidget.appex in Embed Foundation Extensions */,
			);
			name = "Embed Foundation Extensions";
			runOnlyForDeploymentPostprocessing = 0;
		};
/* End PBXCopyFilesBuildPhase section */

/* Begin PBXFileReference section */
		0D6CF948E4DDFC21B4DBFBCC /* BoltBattery.app */ = {isa = PBXFileReference; explicitFileType = wrapper.application; includeInIndex = 0; path = BoltBattery.app; sourceTree = BUILT_PRODUCTS_DIR; };
		2BB28BFE768F533018F295B3 /* Info.plist */ = {isa = PBXFileReference; lastKnownFileType = text.plist; path = Info.plist; sourceTree = "<group>"; };
		42B6E8B7A7E021362E127A89 /* BoltBattery.entitlements */ = {isa = PBXFileReference; lastKnownFileType = text.plist.entitlements; path = BoltBattery.entitlements; sourceTree = "<group>"; };
		5C91C7574795AC4D5E5BB718 /* WidgetKit.framework */ = {isa = PBXFileReference; lastKnownFileType = wrapper.framework; name = WidgetKit.framework; path = System/Library/Frameworks/WidgetKit.framework; sourceTree = SDKROOT; };
		6C0A6DADD867BEE55FDBFC66 /* SnapshotStore.swift */ = {isa = PBXFileReference; lastKnownFileType = sourcecode.swift; path = SnapshotStore.swift; sourceTree = "<group>"; };
		833573A503A1749F102FA792 /* BoltBatteryWidget.swift */ = {isa = PBXFileReference; lastKnownFileType = sourcecode.swift; path = BoltBatteryWidget.swift; sourceTree = "<group>"; };
		8ABB511BCD6F95A6EF842BDF /* SwiftUI.framework */ = {isa = PBXFileReference; lastKnownFileType = wrapper.framework; name = SwiftUI.framework; path = System/Library/Frameworks/SwiftUI.framework; sourceTree = SDKROOT; };
		B9843BF340EFD309561F952E /* Logi-Bolt-Battery */ = {isa = PBXFileReference; lastKnownFileType = folder; name = "Logi-Bolt-Battery"; path = ..; sourceTree = SOURCE_ROOT; };
		C1DCE7769B89A46B30A4A364 /* Info.plist */ = {isa = PBXFileReference; lastKnownFileType = text.plist; path = Info.plist; sourceTree = "<group>"; };
		D04D525313CFC3179EF298DF /* AppDelegate.swift */ = {isa = PBXFileReference; lastKnownFileType = sourcecode.swift; path = AppDelegate.swift; sourceTree = "<group>"; };
		DC5FE1DD4EFB8C3A72FAE241 /* BoltBatteryWidget.appex */ = {isa = PBXFileReference; explicitFileType = "wrapper.app-extension"; includeInIndex = 0; path = BoltBatteryWidget.appex; sourceTree = BUILT_PRODUCTS_DIR; };
		EBE9BE04B5DB8A9F7572C934 /* BoltBatteryWidget.entitlements */ = {isa = PBXFileReference; lastKnownFileType = text.plist.entitlements; path = BoltBatteryWidget.entitlements; sourceTree = "<group>"; };
		F53ACE4977571FAA8F832E50 /* BatterySnapshot.swift */ = {isa = PBXFileReference; lastKnownFileType = sourcecode.swift; path = BatterySnapshot.swift; sourceTree = "<group>"; };
/* End PBXFileReference section */

/* Begin PBXFrameworksBuildPhase section */
		081E6F7D87B3DAB3B83A33ED /* Frameworks */ = {
			isa = PBXFrameworksBuildPhase;
			buildActionMask = 2147483647;
			files = (
				38042C336E61710D09B6474C /* WidgetKit.framework in Frameworks */,
				8DA0AA5B311E790B86439E79 /* SwiftUI.framework in Frameworks */,
			);
			runOnlyForDeploymentPostprocessing = 0;
		};
		0FED071DFA676AD9739AA62E /* Frameworks */ = {
			isa = PBXFrameworksBuildPhase;
			buildActionMask = 2147483647;
			files = (
				1EB72E2252A10A261CA8B45F /* BoltHIDPP in Frameworks */,
				BB39C2D7FCED0A2D18323E8E /* WidgetKit.framework in Frameworks */,
			);
			runOnlyForDeploymentPostprocessing = 0;
		};
/* End PBXFrameworksBuildPhase section */

/* Begin PBXGroup section */
		7330BAC00501B6F00E3BF062 /* Frameworks */ = {
			isa = PBXGroup;
			children = (
				8ABB511BCD6F95A6EF842BDF /* SwiftUI.framework */,
				5C91C7574795AC4D5E5BB718 /* WidgetKit.framework */,
			);
			name = Frameworks;
			sourceTree = "<group>";
		};
		7984076C1D241B8F8D3EA099 /* BoltBatteryWidget */ = {
			isa = PBXGroup;
			children = (
				EBE9BE04B5DB8A9F7572C934 /* BoltBatteryWidget.entitlements */,
				833573A503A1749F102FA792 /* BoltBatteryWidget.swift */,
				2BB28BFE768F533018F295B3 /* Info.plist */,
			);
			path = BoltBatteryWidget;
			sourceTree = "<group>";
		};
		A1E090C1FE715CE66A0F5D9E /* Products */ = {
			isa = PBXGroup;
			children = (
				0D6CF948E4DDFC21B4DBFBCC /* BoltBattery.app */,
				DC5FE1DD4EFB8C3A72FAE241 /* BoltBatteryWidget.appex */,
			);
			name = Products;
			sourceTree = "<group>";
		};
		C62795097F4992202168F972 /* BoltBattery */ = {
			isa = PBXGroup;
			children = (
				D04D525313CFC3179EF298DF /* AppDelegate.swift */,
				42B6E8B7A7E021362E127A89 /* BoltBattery.entitlements */,
				C1DCE7769B89A46B30A4A364 /* Info.plist */,
			);
			path = BoltBattery;
			sourceTree = "<group>";
		};
		D0C431742F8AB00B6E2DB40D /* Packages */ = {
			isa = PBXGroup;
			children = (
				B9843BF340EFD309561F952E /* Logi-Bolt-Battery */,
			);
			name = Packages;
			sourceTree = "<group>";
		};
		E08137C39FACE2B23B49BAA9 = {
			isa = PBXGroup;
			children = (
				C62795097F4992202168F972 /* BoltBattery */,
				7984076C1D241B8F8D3EA099 /* BoltBatteryWidget */,
				D0C431742F8AB00B6E2DB40D /* Packages */,
				E7DBE9B149733ECB2AC0DE89 /* Shared */,
				7330BAC00501B6F00E3BF062 /* Frameworks */,
				A1E090C1FE715CE66A0F5D9E /* Products */,
			);
			sourceTree = "<group>";
		};
		E7DBE9B149733ECB2AC0DE89 /* Shared */ = {
			isa = PBXGroup;
			children = (
				F53ACE4977571FAA8F832E50 /* BatterySnapshot.swift */,
				6C0A6DADD867BEE55FDBFC66 /* SnapshotStore.swift */,
			);
			path = Shared;
			sourceTree = "<group>";
		};
/* End PBXGroup section */

/* Begin PBXNativeTarget section */
		8D78EA93E48BCC730D46EE61 /* BoltBattery */ = {
			isa = PBXNativeTarget;
			buildConfigurationList = 8A0ACEB088C6573240101038 /* Build configuration list for PBXNativeTarget "BoltBattery" */;
			buildPhases = (
				3E103C1B9CDC21A24D71DB51 /* Sources */,
				0FED071DFA676AD9739AA62E /* Frameworks */,
				F3B4B629B9735E239763E522 /* Embed Foundation Extensions */,
			);
			buildRules = (
			);
			dependencies = (
				241DF45365B6A3BB7C68FA4F /* PBXTargetDependency */,
			);
			name = BoltBattery;
			packageProductDependencies = (
				55B2158D82ADB3F70CB3C7BC /* BoltHIDPP */,
			);
			productName = BoltBattery;
			productReference = 0D6CF948E4DDFC21B4DBFBCC /* BoltBattery.app */;
			productType = "com.apple.product-type.application";
		};
		B5BF8C542F8596085E7C4EBC /* BoltBatteryWidget */ = {
			isa = PBXNativeTarget;
			buildConfigurationList = 732FB0BFB8C13A45A587A2B8 /* Build configuration list for PBXNativeTarget "BoltBatteryWidget" */;
			buildPhases = (
				5ADF7625FC8D1F4DA9CDDD39 /* Sources */,
				081E6F7D87B3DAB3B83A33ED /* Frameworks */,
			);
			buildRules = (
			);
			dependencies = (
			);
			name = BoltBatteryWidget;
			packageProductDependencies = (
			);
			productName = BoltBatteryWidget;
			productReference = DC5FE1DD4EFB8C3A72FAE241 /* BoltBatteryWidget.appex */;
			productType = "com.apple.product-type.app-extension";
		};
/* End PBXNativeTarget section */

/* Begin PBXProject section */
		1FF702ED9C83537E7980E5AD /* Project object */ = {
			isa = PBXProject;
			attributes = {
				BuildIndependentTargetsInParallel = YES;
				LastUpgradeCheck = 1430;
				TargetAttributes = {
					8D78EA93E48BCC730D46EE61 = {
						DevelopmentTeam = YOUR_TEAM_ID;
						ProvisioningStyle = Automatic;
					};
					B5BF8C542F8596085E7C4EBC = {
						DevelopmentTeam = YOUR_TEAM_ID;
						ProvisioningStyle = Automatic;
					};
				};
			};
			buildConfigurationList = 7C03DE3C30084E71D4CF04A5 /* Build configuration list for PBXProject "BoltBattery" */;
			developmentRegion = en;
			hasScannedForEncodings = 0;
			knownRegions = (
				Base,
				en,
			);
			mainGroup = E08137C39FACE2B23B49BAA9;
			minimizedProjectReferenceProxies = 1;
			packageReferences = (
				7A440066F73C3E95CA8598D0 /* XCLocalSwiftPackageReference ".." */,
			);
			preferredProjectObjectVersion = 77;
			productRefGroup = A1E090C1FE715CE66A0F5D9E /* Products */;
			projectDirPath = "";
			projectRoot = "";
			targets = (
				8D78EA93E48BCC730D46EE61 /* BoltBattery */,
				B5BF8C542F8596085E7C4EBC /* BoltBatteryWidget */,
			);
		};
/* End PBXProject section */

/* Begin PBXSourcesBuildPhase section */
		3E103C1B9CDC21A24D71DB51 /* Sources */ = {
			isa = PBXSourcesBuildPhase;
			buildActionMask = 2147483647;
			files = (
				674433BCDE4B2CE4712120EC /* AppDelegate.swift in Sources */,
				4CBF5D8ACE5505C56ED0D013 /* BatterySnapshot.swift in Sources */,
				5CEA2034692A57FE9F66E69B /* SnapshotStore.swift in Sources */,
			);
			runOnlyForDeploymentPostprocessing = 0;
		};
		5ADF7625FC8D1F4DA9CDDD39 /* Sources */ = {
			isa = PBXSourcesBuildPhase;
			buildActionMask = 2147483647;
			files = (
				023BC608CC15F216AF10F8CA /* BatterySnapshot.swift in Sources */,
				8991AA9EDFB7D083B156D567 /* BoltBatteryWidget.swift in Sources */,
				2710E21624FDD075BE5E946C /* SnapshotStore.swift in Sources */,
			);
			runOnlyForDeploymentPostprocessing = 0;
		};
/* End PBXSourcesBuildPhase section */

/* Begin PBXTargetDependency section */
		241DF45365B6A3BB7C68FA4F /* PBXTargetDependency */ = {
			isa = PBXTargetDependency;
			target = B5BF8C542F8596085E7C4EBC /* BoltBatteryWidget */;
			targetProxy = 32B78C9132B294D7CA683F11 /* PBXContainerItemProxy */;
		};
/* End PBXTargetDependency section */

/* Begin XCBuildConfiguration section */
		2701D6F1B05F40A371E1E265 /* Debug */ = {
			isa = XCBuildConfiguration;
			buildSettings = {
				ASSETCATALOG_COMPILER_APPICON_NAME = AppIcon;
				CODE_SIGN_ENTITLEMENTS = BoltBattery/BoltBattery.entitlements;
				COMBINE_HIDPI_IMAGES = YES;
				INFOPLIST_FILE = BoltBattery/Info.plist;
				LD_RUNPATH_SEARCH_PATHS = (
					"$(inherited)",
					"@executable_path/../Frameworks",
				);
				MACOSX_DEPLOYMENT_TARGET = 13.0;
				PRODUCT_BUNDLE_IDENTIFIER = industries.stark.boltbattery;
				PRODUCT_NAME = BoltBattery;
				SDKROOT = macosx;
			};
			name = Debug;
		};
		63E713AF3634CFECFCFC211B /* Release */ = {
			isa = XCBuildConfiguration;
			buildSettings = {
				ALWAYS_SEARCH_USER_PATHS = NO;
				CLANG_ANALYZER_NONNULL = YES;
				CLANG_ANALYZER_NUMBER_OBJECT_CONVERSION = YES_AGGRESSIVE;
				CLANG_CXX_LANGUAGE_STANDARD = "gnu++14";
				CLANG_CXX_LIBRARY = "libc++";
				CLANG_ENABLE_MODULES = YES;
				CLANG_ENABLE_OBJC_ARC = YES;
				CLANG_ENABLE_OBJC_WEAK = YES;
				CLANG_WARN_BLOCK_CAPTURE_AUTORELEASING = YES;
				CLANG_WARN_BOOL_CONVERSION = YES;
				CLANG_WARN_COMMA = YES;
				CLANG_WARN_CONSTANT_CONVERSION = YES;
				CLANG_WARN_DEPRECATED_OBJC_IMPLEMENTATIONS = YES;
				CLANG_WARN_DIRECT_OBJC_ISA_USAGE = YES_ERROR;
				CLANG_WARN_DOCUMENTATION_COMMENTS = YES;
				CLANG_WARN_EMPTY_BODY = YES;
				CLANG_WARN_ENUM_CONVERSION = YES;
				CLANG_WARN_INFINITE_RECURSION = YES;
				CLANG_WARN_INT_CONVERSION = YES;
				CLANG_WARN_NON_LITERAL_NULL_CONVERSION = YES;
				CLANG_WARN_OBJC_IMPLICIT_RETAIN_SELF = YES;
				CLANG_WARN_OBJC_LITERAL_CONVERSION = YES;
				CLANG_WARN_OBJC_ROOT_CLASS = YES_ERROR;
				CLANG_WARN_QUOTED_INCLUDE_IN_FRAMEWORK_HEADER = YES;
				CLANG_WARN_RANGE_LOOP_ANALYSIS = YES;
				CLANG_WARN_STRICT_PROTOTYPES = YES;
				CLANG_WARN_SUSPICIOUS_MOVE = YES;
				CLANG_WARN_UNGUARDED_AVAILABILITY = YES_AGGRESSIVE;
				CLANG_WARN_UNREACHABLE_CODE = YES;
				CLANG_WARN__DUPLICATE_METHOD_MATCH = YES;
				CODE_SIGN_STYLE = Automatic;
				COPY_PHASE_STRIP = NO;
				CURRENT_PROJECT_VERSION = 1;
				DEBUG_INFORMATION_FORMAT = "dwarf-with-dsym";
				DEVELOPMENT_TEAM = YOUR_TEAM_ID;
				ENABLE_HARDENED_RUNTIME = YES;
				ENABLE_NS_ASSERTIONS = NO;
				ENABLE_STRICT_OBJC_MSGSEND = YES;
				GCC_C_LANGUAGE_STANDARD = gnu11;
				GCC_NO_COMMON_BLOCKS = YES;
				GCC_WARN_64_TO_32_BIT_CONVERSION = YES;
				GCC_WARN_ABOUT_RETURN_TYPE = YES_ERROR;
				GCC_WARN_UNDECLARED_SELECTOR = YES;
				GCC_WARN_UNINITIALIZED_AUTOS = YES_AGGRESSIVE;
				GCC_WARN_UNUSED_FUNCTION = YES;
				GCC_WARN_UNUSED_VARIABLE = YES;
				MACOSX_DEPLOYMENT_TARGET = 13.0;
				MARKETING_VERSION = 0.1.0;
				MTL_ENABLE_DEBUG_INFO = NO;
				MTL_FAST_MATH = YES;
				PRODUCT_NAME = "$(TARGET_NAME)";
				SDKROOT = macosx;
				SWIFT_COMPILATION_MODE = wholemodule;
				SWIFT_OPTIMIZATION_LEVEL = "-O";
				SWIFT_VERSION = 5.0;
			};
			name = Release;
		};
		88DE302B538CE8029EC6F48D /* Debug */ = {
			isa = XCBuildConfiguration;
			buildSettings = {
				CODE_SIGN_ENTITLEMENTS = BoltBatteryWidget/BoltBatteryWidget.entitlements;
				COMBINE_HIDPI_IMAGES = YES;
				INFOPLIST_FILE = BoltBatteryWidget/Info.plist;
				LD_RUNPATH_SEARCH_PATHS = (
					"$(inherited)",
					"@executable_path/../Frameworks",
					"@executable_path/../../../../Frameworks",
				);
				MACOSX_DEPLOYMENT_TARGET = 13.0;
				PRODUCT_BUNDLE_IDENTIFIER = industries.stark.boltbattery.widget;
				PRODUCT_NAME = BoltBatteryWidget;
				SDKROOT = macosx;
				SKIP_INSTALL = YES;
			};
			name = Debug;
		};
		8EF3669CA5BC3D9D2B2DEEBA /* Release */ = {
			isa = XCBuildConfiguration;
			buildSettings = {
				CODE_SIGN_ENTITLEMENTS = BoltBatteryWidget/BoltBatteryWidget.entitlements;
				COMBINE_HIDPI_IMAGES = YES;
				INFOPLIST_FILE = BoltBatteryWidget/Info.plist;
				LD_RUNPATH_SEARCH_PATHS = (
					"$(inherited)",
					"@executable_path/../Frameworks",
					"@executable_path/../../../../Frameworks",
				);
				MACOSX_DEPLOYMENT_TARGET = 13.0;
				PRODUCT_BUNDLE_IDENTIFIER = industries.stark.boltbattery.widget;
				PRODUCT_NAME = BoltBatteryWidget;
				SDKROOT = macosx;
				SKIP_INSTALL = YES;
			};
			name = Release;
		};
		A64BB15FE6AB97E7E3746504 /* Release */ = {
			isa = XCBuildConfiguration;
			buildSettings = {
				ASSETCATALOG_COMPILER_APPICON_NAME = AppIcon;
				CODE_SIGN_ENTITLEMENTS = BoltBattery/BoltBattery.entitlements;
				COMBINE_HIDPI_IMAGES = YES;
				INFOPLIST_FILE = BoltBattery/Info.plist;
				LD_RUNPATH_SEARCH_PATHS = (
					"$(inherited)",
					"@executable_path/../Frameworks",
				);
				MACOSX_DEPLOYMENT_TARGET = 13.0;
				PRODUCT_BUNDLE_IDENTIFIER = industries.stark.boltbattery;
				PRODUCT_NAME = BoltBattery;
				SDKROOT = macosx;
			};
			name = Release;
		};
		DCE9ACB338DE7CAE0F771A53 /* Debug */ = {
			isa = XCBuildConfiguration;
			buildSettings = {
				ALWAYS_SEARCH_USER_PATHS = NO;
				CLANG_ANALYZER_NONNULL = YES;
				CLANG_ANALYZER_NUMBER_OBJECT_CONVERSION = YES_AGGRESSIVE;
				CLANG_CXX_LANGUAGE_STANDARD = "gnu++14";
				CLANG_CXX_LIBRARY = "libc++";
				CLANG_ENABLE_MODULES = YES;
				CLANG_ENABLE_OBJC_ARC = YES;
				CLANG_ENABLE_OBJC_WEAK = YES;
				CLANG_WARN_BLOCK_CAPTURE_AUTORELEASING = YES;
				CLANG_WARN_BOOL_CONVERSION = YES;
				CLANG_WARN_COMMA = YES;
				CLANG_WARN_CONSTANT_CONVERSION = YES;
				CLANG_WARN_DEPRECATED_OBJC_IMPLEMENTATIONS = YES;
				CLANG_WARN_DIRECT_OBJC_ISA_USAGE = YES_ERROR;
				CLANG_WARN_DOCUMENTATION_COMMENTS = YES;
				CLANG_WARN_EMPTY_BODY = YES;
				CLANG_WARN_ENUM_CONVERSION = YES;
				CLANG_WARN_INFINITE_RECURSION = YES;
				CLANG_WARN_INT_CONVERSION = YES;
				CLANG_WARN_NON_LITERAL_NULL_CONVERSION = YES;
				CLANG_WARN_OBJC_IMPLICIT_RETAIN_SELF = YES;
				CLANG_WARN_OBJC_LITERAL_CONVERSION = YES;
				CLANG_WARN_OBJC_ROOT_CLASS = YES_ERROR;
				CLANG_WARN_QUOTED_INCLUDE_IN_FRAMEWORK_HEADER = YES;
				CLANG_WARN_RANGE_LOOP_ANALYSIS = YES;
				CLANG_WARN_STRICT_PROTOTYPES = YES;
				CLANG_WARN_SUSPICIOUS_MOVE = YES;
				CLANG_WARN_UNGUARDED_AVAILABILITY = YES_AGGRESSIVE;
				CLANG_WARN_UNREACHABLE_CODE = YES;
				CLANG_WARN__DUPLICATE_METHOD_MATCH = YES;
				CODE_SIGN_STYLE = Automatic;
				COPY_PHASE_STRIP = NO;
				CURRENT_PROJECT_VERSION = 1;
				DEBUG_INFORMATION_FORMAT = dwarf;
				DEVELOPMENT_TEAM = YOUR_TEAM_ID;
				ENABLE_HARDENED_RUNTIME = YES;
				ENABLE_STRICT_OBJC_MSGSEND = YES;
				ENABLE_TESTABILITY = YES;
				GCC_C_LANGUAGE_STANDARD = gnu11;
				GCC_DYNAMIC_NO_PIC = NO;
				GCC_NO_COMMON_BLOCKS = YES;
				GCC_OPTIMIZATION_LEVEL = 0;
				GCC_PREPROCESSOR_DEFINITIONS = (
					"$(inherited)",
					"DEBUG=1",
				);
				GCC_WARN_64_TO_32_BIT_CONVERSION = YES;
				GCC_WARN_ABOUT_RETURN_TYPE = YES_ERROR;
				GCC_WARN_UNDECLARED_SELECTOR = YES;
				GCC_WARN_UNINITIALIZED_AUTOS = YES_AGGRESSIVE;
				GCC_WARN_UNUSED_FUNCTION = YES;
				GCC_WARN_UNUSED_VARIABLE = YES;
				MACOSX_DEPLOYMENT_TARGET = 13.0;
				MARKETING_VERSION = 0.1.0;
				MTL_ENABLE_DEBUG_INFO = INCLUDE_SOURCE;
				MTL_FAST_MATH = YES;
				ONLY_ACTIVE_ARCH = YES;
				PRODUCT_NAME = "$(TARGET_NAME)";
				SDKROOT = macosx;
				SWIFT_ACTIVE_COMPILATION_CONDITIONS = DEBUG;
				SWIFT_OPTIMIZATION_LEVEL = "-Onone";
				SWIFT_VERSION = 5.0;
			};
			name = Debug;
		};
/* End XCBuildConfiguration section */

/* Begin XCConfigurationList section */
		732FB0BFB8C13A45A587A2B8 /* Build configuration list for PBXNativeTarget "BoltBatteryWidget" */ = {
			isa = XCConfigurationList;
			buildConfigurations = (
				88DE302B538CE8029EC6F48D /* Debug */,
				8EF3669CA5BC3D9D2B2DEEBA /* Release */,
			);
			defaultConfigurationIsVisible = 0;
			defaultConfigurationName = Debug;
		};
		7C03DE3C30084E71D4CF04A5 /* Build configuration list for PBXProject "BoltBattery" */ = {
			isa = XCConfigurationList;
			buildConfigurations = (
				DCE9ACB338DE7CAE0F771A53 /* Debug */,
				63E713AF3634CFECFCFC211B /* Release */,
			);
			defaultConfigurationIsVisible = 0;
			defaultConfigurationName = Debug;
		};
		8A0ACEB088C6573240101038 /* Build configuration list for PBXNativeTarget "BoltBattery" */ = {
			isa = XCConfigurationList;
			buildConfigurations = (
				2701D6F1B05F40A371E1E265 /* Debug */,
				A64BB15FE6AB97E7E3746504 /* Release */,
			);
			defaultConfigurationIsVisible = 0;
			defaultConfigurationName = Debug;
		};
/* End XCConfigurationList section */

/* Begin XCLocalSwiftPackageReference section */
		7A440066F73C3E95CA8598D0 /* XCLocalSwiftPackageReference ".." */ = {
			isa = XCLocalSwiftPackageReference;
			relativePath = ..;
		};
/* End XCLocalSwiftPackageReference section */

/* Begin XCSwiftPackageProductDependency section */
		55B2158D82ADB3F70CB3C7BC /* BoltHIDPP */ = {
			isa = XCSwiftPackageProductDependency;
			productName = BoltHIDPP;
		};
/* End XCSwiftPackageProductDependency section */
	};
	rootObject = 1FF702ED9C83537E7980E5AD /* Project object */;
}
